
Microsoft Visual Studio Solution File, Format Version 12.00
# Visual Studio 15
VisualStudioVersion = 15.0.28307.1231
MinimumVisualStudioVersion = 10.0.40219.1
Project("{FAE04EC0-301F-11D3-BF4B-00C04F79EFBC}") = "Bai1", "Bai1\Bai1.csproj", "{B8D8BA1C-911A-4947-BF4A-CE609A79337C}"
EndProject
Project("{FAE04EC0-301F-11D3-BF4B-00C04F79EFBC}") = "Bai2", "Bai2\Bai2.csproj", "{6C3E1CD5-FE1F-4503-BB5F-E9EC3919CF3B}"
EndProject
Global
	GlobalSection(SolutionConfigurationPlatforms) = preSolution
		Debug|Any CPU = Debug|Any CPU
		Release|Any CPU = Release|Any CPU
	EndGlobalSection
	GlobalSection(ProjectConfigurationPlatforms) = postSolution
		{B8D8BA1C-911A-4947-BF4A-CE609A79337C}.Debug|Any CPU.ActiveCfg = Debug|Any CPU
		{B8D8BA1C-911A-4947-BF4A-CE609A79337C}.Debug|Any CPU.Build.0 = Debug|Any CPU
		{B8D8BA1C-911A-4947-BF4A-CE609A79337C}.Release|Any CPU.ActiveCfg = Release|Any CPU
		{B8D8BA1C-911A-4947-BF4A-CE609A79337C}.Release|Any CPU.Build.0 = Release|Any CPU
		{6C3E1CD5-FE1F-4503-BB5F-E9EC3919CF3B}.Debug|Any CPU.ActiveCfg = Debug|Any CPU
		{6C3E1CD5-FE1F-4503-BB5F-E9EC3919CF3B}.Debug|Any CPU.Build.0 = Debug|Any CPU
		{6C3E1CD5-FE1F-4503-BB5F-E9EC3919CF3B}.Release|Any CPU.ActiveCfg = Release|Any CPU
		{6C3E1CD5-FE1F-4503-BB5F-E9EC3919CF3B}.Release|Any CPU.Build.0 = Release|Any CPU
	EndGlobalSection
	GlobalSection(SolutionProperties) = preSolution
		HideSolutionNode = FALSE
	EndGlobalSection
	GlobalSection(ExtensibilityGlobals) = postSolution
		SolutionGuid = {26B17E18-9F86-4F5C-9B8A-0C46A1582DC0}
	EndGlobalSection
EndGlobal
